// !$*UTF8*$!
{
	archiveVersion = 1;
	classes = {
	};
	objectVersion = 46;
	objects = {

/* Begin PBXBuildFile section */
		07C1A3EA19842CCE00F57B0F /* Foundation.framework in Frameworks */ = {isa = PBXBuildFile; fileRef = 07C1A3E919842CCE00F57B0F /* Foundation.framework */; };
		07C1A3EC19842CCE00F57B0F /* CoreGraphics.framework in Frameworks */ = {isa = PBXBuildFile; fileRef = 07C1A3EB19842CCE00F57B0F /* CoreGraphics.framework */; };
		07C1A3EE19842CCE00F57B0F /* UIKit.framework in Frameworks */ = {isa = PBXBuildFile; fileRef = 07C1A3ED19842CCE00F57B0F /* UIKit.framework */; };
		07C1A3F419842CCE00F57B0F /* InfoPlist.strings in Resources */ = {isa = PBXBuildFile; fileRef = 07C1A3F219842CCE00F57B0F /* InfoPlist.strings */; };
		07C1A3F619842CCE00F57B0F /* main.m in Sources */ = {isa = PBXBuildFile; fileRef = 07C1A3F519842CCE00F57B0F /* main.m */; };
		07C1A3FA19842CCE00F57B0F /* AppDelegate.m in Sources */ = {isa = PBXBuildFile; fileRef = 07C1A3F919842CCE00F57B0F /* AppDelegate.m */; };
		07C1A3FD19842CCE00F57B0F /* Main.storyboard in Resources */ = {isa = PBXBuildFile; fileRef = 07C1A3FB19842CCE00F57B0F /* Main.storyboard */; };
		07C1A40019842CCE00F57B0F /* ViewController.m in Sources */ = {isa = PBXBuildFile; fileRef = 07C1A3FF19842CCE00F57B0F /* ViewController.m */; };
		07C1A40219842CCE00F57B0F /* Images.xcassets in Resources */ = {isa = PBXBuildFile; fileRef = 07C1A40119842CCE00F57B0F /* Images.xcassets */; };
		07C1A40919842CCE00F57B0F /* XCTest.framework in Frameworks */ = {isa = PBXBuildFile; fileRef = 07C1A40819842CCE00F57B0F /* XCTest.framework */; };
		07C1A40A19842CCE00F57B0F /* Foundation.framework in Frameworks */ = {isa = PBXBuildFile; fileRef = 07C1A3E919842CCE00F57B0F /* Foundation.framework */; };
		07C1A40B19842CCE00F57B0F /* UIKit.framework in Frameworks */ = {isa = PBXBuildFile; fileRef = 07C1A3ED19842CCE00F57B0F /* UIKit.framework */; };
		07C1A41319842CCE00F57B0F /* InfoPlist.strings in Resources */ = {isa = PBXBuildFile; fileRef = 07C1A41119842CCE00F57B0F /* InfoPlist.strings */; };
		07C1A41519842CCE00F57B0F /* JsonTests.m in Sources */ = {isa = PBXBuildFile; fileRef = 07C1A41419842CCE00F57B0F /* JsonTests.m */; };
/* End PBXBuildFile section */

/* Begin PBXContainerItemProxy section */
		07C1A40C19842CCE00F57B0F /* PBXContainerItemProxy */ = {
			isa = PBXContainerItemProxy;
			containerPortal = 07C1A3DE19842CCE00F57B0F /* Project object */;
			proxyType = 1;
			remoteGlobalIDString = 07C1A3E519842CCE00F57B0F;
			remoteInfo = Json;
		};
/* End PBXContainerItemProxy section */

/* Begin PBXFileReference section */
		07C1A3E619842CCE00F57B0F /* Json.app */ = {isa = PBXFileReference; explicitFileType = wrapper.application; includeInIndex = 0; path = Json.app; sourceTree = BUILT_PRODUCTS_DIR; };
		07C1A3E919842CCE00F57B0F /* Foundation.framework */ = {isa = PBXFileReference; lastKnownFileType = wrapper.framework; name = Foundation.framework; path = System/Library/Frameworks/Foundation.framework; sourceTree = SDKROOT; };
		07C1A3EB19842CCE00F57B0F /* CoreGraphics.framework */ = {isa = PBXFileReference; lastKnownFileType = wrapper.framework; name = CoreGraphics.framework; path = System/Library/Frameworks/CoreGraphics.framework; sourceTree = SDKROOT; };
		07C1A3ED19842CCE00F57B0F /* UIKit.framework */ = {isa = PBXFileReference; lastKnownFileType = wrapper.framework; name = UIKit.framework; path = System/Library/Frameworks/UIKit.framework; sourceTree = SDKROOT; };
		07C1A3F119842CCE00F57B0F /* Json-Info.plist */ = {isa = PBXFileReference; lastKnownFileType = text.plist.xml; path = "Json-Info.plist"; sourceTree = "<group>"; };
		07C1A3F319842CCE00F57B0F /* en */ = {isa = PBXFileReference; lastKnownFileType = text.plist.strings; name = en; path = en.lproj/InfoPlist.strings; sourceTree = "<group>"; };
		07C1A3F519842CCE00F57B0F /* main.m */ = {isa = PBXFileReference; lastKnownFileType = sourcecode.c.objc; path = main.m; sourceTree = "<group>"; };
		07C1A3F719842CCE00F57B0F /* Json-Prefix.pch */ = {isa = PBXFileReference; lastKnownFileType = sourcecode.c.h; path = "Json-Prefix.pch"; sourceTree = "<group>"; };
		07C1A3F819842CCE00F57B0F /* AppDelegate.h */ = {isa = PBXFileReference; lastKnownFileType = sourcecode.c.h; path = AppDelegate.h; sourceTree = "<group>"; };
		07C1A3F919842CCE00F57B0F /* AppDelegate.m */ = {isa = PBXFileReference; lastKnownFileType = sourcecode.c.objc; path = AppDelegate.m; sourceTree = "<group>"; };
		07C1A3FC19842CCE00F57B0F /* Base */ = {isa = PBXFileReference; lastKnownFileType = file.storyboard; name = Base; path = Base.lproj/Main.storyboard; sourceTree = "<group>"; };
		07C1A3FE19842CCE00F57B0F /* ViewController.h */ = {isa = PBXFileReference; lastKnownFileType = sourcecode.c.h; path = ViewController.h; sourceTree = "<group>"; };
		07C1A3FF19842CCE00F57B0F /* ViewController.m */ = {isa = PBXFileReference; lastKnownFileType = sourcecode.c.objc; path = ViewController.m; sourceTree = "<group>"; };
		07C1A40119842CCE00F57B0F /* Images.xcassets */ = {isa = PBXFileReference; lastKnownFileType = folder.assetcatalog; path = Images.xcassets; sourceTree = "<group>"; };
		07C1A40719842CCE00F57B0F /* JsonTests.xctest */ = {isa = PBXFileReference; explicitFileType = wrapper.cfbundle; includeInIndex = 0; path = JsonTests.xctest; sourceTree = BUILT_PRODUCTS_DIR; };
		07C1A40819842CCE00F57B0F /* XCTest.framework */ = {isa = PBXFileReference; lastKnownFileType = wrapper.framework; name = XCTest.framework; path = Library/Frameworks/XCTest.framework; sourceTree = DEVELOPER_DIR; };
		07C1A41019842CCE00F57B0F /* JsonTests-Info.plist */ = {isa = PBXFileReference; lastKnownFileType = text.plist.xml; path = "JsonTests-Info.plist"; sourceTree = "<group>"; };
		07C1A41219842CCE00F57B0F /* en */ = {isa = PBXFileReference; lastKnownFileType = text.plist.strings; name = en; path = en.lproj/InfoPlist.strings; sourceTree = "<group>"; };
		07C1A41419842CCE00F57B0F /* JsonTests.m */ = {isa = PBXFileReference; lastKnownFileType = sourcecode.c.objc; path = JsonTests.m; sourceTree = "<group>"; };
/* End PBXFileReference section */

/* Begin PBXFrameworksBuildPhase section */
		07C1A3E319842CCE00F57B0F /* Frameworks */ = {
			isa = PBXFrameworksBuildPhase;
			buildActionMask = 2147483647;
			files = (
				07C1A3EC19842CCE00F57B0F /* CoreGraphics.framework in Frameworks */,
				07C1A3EE19842CCE00F57B0F /* UIKit.framework in Frameworks */,
				07C1A3EA19842CCE00F57B0F /* Foundation.framework in Frameworks */,
			);
			runOnlyForDeploymentPostprocessing = 0;
		};
		07C1A40419842CCE00F57B0F /* Frameworks */ = {
			isa = PBXFrameworksBuildPhase;
			buildActionMask = 2147483647;
			files = (
				07C1A40919842CCE00F57B0F /* XCTest.framework in Frameworks */,
				07C1A40B19842CCE00F57B0F /* UIKit.framework in Frameworks */,
				07C1A40A19842CCE00F57B0F /* Foundation.framework in Frameworks */,
			);
			runOnlyForDeploymentPostprocessing = 0;
		};
/* End PBXFrameworksBuildPhase section */

/* Begin PBXGroup section */
		07C1A3DD19842CCE00F57B0F = {
			isa = PBXGroup;
			children = (
				07C1A3EF19842CCE00F57B0F /* Json */,
				07C1A40E19842CCE00F57B0F /* JsonTests */,
				07C1A3E819842CCE00F57B0F /* Frameworks */,
				07C1A3E719842CCE00F57B0F /* Products */,
			);
			sourceTree = "<group>";
		};
		07C1A3E719842CCE00F57B0F /* Products */ = {
			isa = PBXGroup;
			children = (
				07C1A3E619842CCE00F57B0F /* Json.app */,
				07C1A40719842CCE00F57B0F /* JsonTests.xctest */,
			);
			name = Products;
			sourceTree = "<group>";
		};
		07C1A3E819842CCE00F57B0F /* Frameworks */ = {
			isa = PBXGroup;
			children = (
				07C1A3E919842CCE00F57B0F /* Foundation.framework */,
				07C1A3EB19842CCE00F57B0F /* CoreGraphics.framework */,
				07C1A3ED19842CCE00F57B0F /* UIKit.framework */,
				07C1A40819842CCE00F57B0F /* XCTest.framework */,
			);
			name = Frameworks;
			sourceTree = "<group>";
		};
		07C1A3EF19842CCE00F57B0F /* Json */ = {
			isa = PBXGroup;
			children = (
				07C1A3F819842CCE00F57B0F /* AppDelegate.h */,
				07C1A3F919842CCE00F57B0F /* AppDelegate.m */,
				07C1A3FB19842CCE00F57B0F /* Main.storyboard */,
				07C1A3FE19842CCE00F57B0F /* ViewController.h */,
				07C1A3FF19842CCE00F57B0F /* ViewController.m */,
				07C1A40119842CCE00F57B0F /* Images.xcassets */,
				07C1A3F019842CCE00F57B0F /* Supporting Files */,
			);
			path = Json;
			sourceTree = "<group>";
		};
		07C1A3F019842CCE00F57B0F /* Supporting Files */ = {
			isa = PBXGroup;
			children = (
				07C1A3F119842CCE00F57B0F /* Json-Info.plist */,
				07C1A3F219842CCE00F57B0F /* InfoPlist.strings */,
				07C1A3F519842CCE00F57B0F /* main.m */,
				07C1A3F719842CCE00F57B0F /* Json-Prefix.pch */,
			);
			name = "Supporting Files";
			sourceTree = "<group>";
		};
		07C1A40E19842CCE00F57B0F /* JsonTests */ = {
			isa = PBXGroup;
			children = (
				07C1A41419842CCE00F57B0F /* JsonTests.m */,
				07C1A40F19842CCE00F57B0F /* Supporting Files */,
			);
			path = JsonTests;
			sourceTree = "<group>";
		};
		07C1A40F19842CCE00F57B0F /* Supporting Files */ = {
			isa = PBXGroup;
			children = (
				07C1A41019842CCE00F57B0F /* JsonTests-Info.plist */,
				07C1A41119842CCE00F57B0F /* InfoPlist.strings */,
			);
			name = "Supporting Files";
			sourceTree = "<group>";
		};
/* End PBXGroup section */

/* Begin PBXNativeTarget section */
		07C1A3E519842CCE00F57B0F /* Json */ = {
			isa = PBXNativeTarget;
			buildConfigurationList = 07C1A41819842CCE00F57B0F /* Build configuration list for PBXNativeTarget "Json" */;
			buildPhases = (
				07C1A3E219842CCE00F57B0F /* Sources */,
				07C1A3E319842CCE00F57B0F /* Frameworks */,
				07C1A3E419842CCE00F57B0F /* Resources */,
			);
			buildRules = (
			);
			dependencies = (
			);
			name = Json;
			productName = Json;
			productReference = 07C1A3E619842CCE00F57B0F /* Json.app */;
			productType = "com.apple.product-type.application";
		};
		07C1A40619842CCE00F57B0F /* JsonTests */ = {
			isa = PBXNativeTarget;
			buildConfigurationList = 07C1A41B19842CCE00F57B0F /* Build configuration list for PBXNativeTarget "JsonTests" */;
			buildPhases = (
				07C1A40319842CCE00F57B0F /* Sources */,
				07C1A40419842CCE00F57B0F /* Frameworks */,
				07C1A40519842CCE00F57B0F /* Resources */,
			);
			buildRules = (
			);
			dependencies = (
				07C1A40D19842CCE00F57B0F /* PBXTargetDependency */,
			);
			name = JsonTests;
			productName = JsonTests;
			productReference = 07C1A40719842CCE00F57B0F /* JsonTests.xctest */;
			productType = "com.apple.product-type.bundle.unit-test";
		};
/* End PBXNativeTarget section */

/* Begin PBXProject section */
		07C1A3DE19842CCE00F57B0F /* Project object */ = {
			isa = PBXProject;
			attributes = {
				LastUpgradeCheck = 0510;
				ORGANIZATIONNAME = mobilemontoya;
				TargetAttributes = {
					07C1A40619842CCE00F57B0F = {
						TestTargetID = 07C1A3E519842CCE00F57B0F;
					};
				};
			};
			buildConfigurationList = 07C1A3E119842CCE00F57B0F /* Build configuration list for PBXProject "Json" */;
			compatibilityVersion = "Xcode 3.2";
			developmentRegion = English;
			hasScannedForEncodings = 0;
			knownRegions = (
				en,
				Base,
			);
			mainGroup = 07C1A3DD19842CCE00F57B0F;
			productRefGroup = 07C1A3E719842CCE00F57B0F /* Products */;
			projectDirPath = "";
			projectRoot = "";
			targets = (
				07C1A3E519842CCE00F57B0F /* Json */,
				07C1A40619842CCE00F57B0F /* JsonTests */,
			);
		};
/* End PBXProject section */

/* Begin PBXResourcesBuildPhase section */
		07C1A3E419842CCE00F57B0F /* Resources */ = {
			isa = PBXResourcesBuildPhase;
			buildActionMask = 2147483647;
			files = (
				07C1A40219842CCE00F57B0F /* Images.xcassets in Resources */,
				07C1A3F419842CCE00F57B0F /* InfoPlist.strings in Resources */,
				07C1A3FD19842CCE00F57B0F /* Main.storyboard in Resources */,
			);
			runOnlyForDeploymentPostprocessing = 0;
		};
		07C1A40519842CCE00F57B0F /* Resources */ = {
			isa = PBXResourcesBuildPhase;
			buildActionMask = 2147483647;
			files = (
				07C1A41319842CCE00F57B0F /* InfoPlist.strings in Resources */,
			);
			runOnlyForDeploymentPostprocessing = 0;
		};
/* End PBXResourcesBuildPhase section */

/* Begin PBXSourcesBuildPhase section */
		07C1A3E219842CCE00F57B0F /* Sources */ = {
			isa = PBXSourcesBuildPhase;
			buildActionMask = 2147483647;
			files = (
				07C1A40019842CCE00F57B0F /* ViewController.m in Sources */,
				07C1A3FA19842CCE00F57B0F /* AppDelegate.m in Sources */,
				07C1A3F619842CCE00F57B0F /* main.m in Sources */,
			);
			runOnlyForDeploymentPostprocessing = 0;
		};
		07C1A40319842CCE00F57B0F /* Sources */ = {
			isa = PBXSourcesBuildPhase;
			buildActionMask = 2147483647;
			files = (
				07C1A41519842CCE00F57B0F /* JsonTests.m in Sources */,
			);
			runOnlyForDeploymentPostprocessing = 0;
		};
/* End PBXSourcesBuildPhase section */

/* Begin PBXTargetDependency section */
		07C1A40D19842CCE00F57B0F /* PBXTargetDependency */ = {
			isa = PBXTargetDependency;
			target = 07C1A3E519842CCE00F57B0F /* Json */;
			targetProxy = 07C1A40C19842CCE00F57B0F /* PBXContainerItemProxy */;
		};
/* End PBXTargetDependency section */

/* Begin PBXVariantGroup section */
		07C1A3F219842CCE00F57B0F /* InfoPlist.strings */ = {
			isa = PBXVariantGroup;
			children = (
				07C1A3F319842CCE00F57B0F /* en */,
			);
			name = InfoPlist.strings;
			sourceTree = "<group>";
		};
		07C1A3FB19842CCE00F57B0F /* Main.storyboard */ = {
			isa = PBXVariantGroup;
			children = (
				07C1A3FC19842CCE00F57B0F /* Base */,
			);
			name = Main.storyboard;
			sourceTree = "<group>";
		};
		07C1A41119842CCE00F57B0F /* InfoPlist.strings */ = {
			isa = PBXVariantGroup;
			children = (
				07C1A41219842CCE00F57B0F /* en */,
			);
			name = InfoPlist.strings;
			sourceTree = "<group>";
		};
/* End PBXVariantGroup section */

/* Begin XCBuildConfiguration section */
		07C1A41619842CCE00F57B0F /* Debug */ = {
			isa = XCBuildConfiguration;
			buildSettings = {
				ALWAYS_SEARCH_USER_PATHS = NO;
				CLANG_CXX_LANGUAGE_STANDARD = "gnu++0x";
				CLANG_CXX_LIBRARY = "libc++";
				CLANG_ENABLE_MODULES = YES;
				CLANG_ENABLE_OBJC_ARC = YES;
				CLANG_WARN_BOOL_CONVERSION = YES;
				CLANG_WARN_CONSTANT_CONVERSION = YES;
				CLANG_WARN_DIRECT_OBJC_ISA_USAGE = YES_ERROR;
				CLANG_WARN_EMPTY_BODY = YES;
				CLANG_WARN_ENUM_CONVERSION = YES;
				CLANG_WARN_INT_CONVERSION = YES;
				CLANG_WARN_OBJC_ROOT_CLASS = YES_ERROR;
				CLANG_WARN__DUPLICATE_METHOD_MATCH = YES;
				"CODE_SIGN_IDENTITY[sdk=iphoneos*]" = "iPhone Developer";
				COPY_PHASE_STRIP = NO;
				GCC_C_LANGUAGE_STANDARD = gnu99;
				GCC_DYNAMIC_NO_PIC = NO;
				GCC_OPTIMIZATION_LEVEL = 0;
				GCC_PREPROCESSOR_DEFINITIONS = (
					"DEBUG=1",
					"$(inherited)",
				);
				GCC_SYMBOLS_PRIVATE_EXTERN = NO;
				GCC_WARN_64_TO_32_BIT_CONVERSION = YES;
				GCC_WARN_ABOUT_RETURN_TYPE = YES_ERROR;
				GCC_WARN_UNDECLARED_SELECTOR = YES;
				GCC_WARN_UNINITIALIZED_AUTOS = YES_AGGRESSIVE;
				GCC_WARN_UNUSED_FUNCTION = YES;
				GCC_WARN_UNUSED_VARIABLE = YES;
				IPHONEOS_DEPLOYMENT_TARGET = 7.1;
				ONLY_ACTIVE_ARCH = YES;
				SDKROOT = iphoneos;
			};
			name = Debug;
		};
		07C1A41719842CCE00F57B0F /* Release */ = {
			isa = XCBuildConfiguration;
			buildSettings = {
				ALWAYS_SEARCH_USER_PATHS = NO;
				CLANG_CXX_LANGUAGE_STANDARD = "gnu++0x";
				CLANG_CXX_LIBRARY = "libc++";
				CLANG_ENABLE_MODULES = YES;
				CLANG_ENABLE_OBJC_ARC = YES;
				CLANG_WARN_BOOL_CONVERSION = YES;
				CLANG_WARN_CONSTANT_CONVERSION = YES;
				CLANG_WARN_DIRECT_OBJC_ISA_USAGE = YES_ERROR;
				CLANG_WARN_EMPTY_BODY = YES;
				CLANG_WARN_ENUM_CONVERSION = YES;
				CLANG_WARN_INT_CONVERSION = YES;
				CLANG_WARN_OBJC_ROOT_CLASS = YES_ERROR;
				CLANG_WARN__DUPLICATE_METHOD_MATCH = YES;
				"CODE_SIGN_IDENTITY[sdk=iphoneos*]" = "iPhone Developer";
				COPY_PHASE_STRIP = YES;
				ENABLE_NS_ASSERTIONS = NO;
				GCC_C_LANGUAGE_STANDARD = gnu99;
				GCC_WARN_64_TO_32_BIT_CONVERSION = YES;
				GCC_WARN_ABOUT_RETURN_TYPE = YES_ERROR;
				GCC_WARN_UNDECLARED_SELECTOR = YES;
				GCC_WARN_UNINITIALIZED_AUTOS = YES_AGGRESSIVE;
				GCC_WARN_UNUSED_FUNCTION = YES;
				GCC_WARN_UNUSED_VARIABLE = YES;
				IPHONEOS_DEPLOYMENT_TARGET = 7.1;
				SDKROOT = iphoneos;
				VALIDATE_PRODUCT = YES;
			};
			name = Release;
		};
		07C1A41919842CCE00F57B0F /* Debug */ = {
			isa = XCBuildConfiguration;
			buildSettings = {
				ASSETCATALOG_COMPILER_APPICON_NAME = AppIcon;
				ASSETCATALOG_COMPILER_LAUNCHIMAGE_NAME = LaunchImage;
				GCC_PRECOMPILE_PREFIX_HEADER = YES;
				GCC_PREFIX_HEADER = "Json/Json-Prefix.pch";
				INFOPLIST_FILE = "Json/Json-Info.plist";
				PRODUCT_NAME = "$(TARGET_NAME)";
				WRAPPER_EXTENSION = app;
			};
			name = Debug;
		};
		07C1A41A19842CCE00F57B0F /* Release */ = {
			isa = XCBuildConfiguration;
			buildSettings = {
				ASSETCATALOG_COMPILER_APPICON_NAME = AppIcon;
				ASSETCATALOG_COMPILER_LAUNCHIMAGE_NAME = LaunchImage;
				GCC_PRECOMPILE_PREFIX_HEADER = YES;
				GCC_PREFIX_HEADER = "Json/Json-Prefix.pch";
				INFOPLIST_FILE = "Json/Json-Info.plist";
				PRODUCT_NAME = "$(TARGET_NAME)";
				WRAPPER_EXTENSION = app;
			};
			name = Release;
		};
		07C1A41C19842CCE00F57B0F /* Debug */ = {
			isa = XCBuildConfiguration;
			buildSettings = {
				BUNDLE_LOADER = "$(BUILT_PRODUCTS_DIR)/Json.app/Json";
				FRAMEWORK_SEARCH_PATHS = (
					"$(SDKROOT)/Developer/Library/Frameworks",
					"$(inherited)",
					"$(DEVELOPER_FRAMEWORKS_DIR)",
				);
				GCC_PRECOMPILE_PREFIX_HEADER = YES;
				GCC_PREFIX_HEADER = "Json/Json-Prefix.pch";
				GCC_PREPROCESSOR_DEFINITIONS = (
					"DEBUG=1",
					"$(inherited)",
				);
				INFOPLIST_FILE = "JsonTests/JsonTests-Info.plist";
				PRODUCT_NAME = "$(TARGET_NAME)";
				TEST_HOST = "$(BUNDLE_LOADER)";
				WRAPPER_EXTENSION = xctest;
			};
			name = Debug;
		};
		07C1A41D19842CCE00F57B0F /* Release */ = {
			isa = XCBuildConfiguration;
			buildSettings = {
				BUNDLE_LOADER = "$(BUILT_PRODUCTS_DIR)/Json.app/Json";
				FRAMEWORK_SEARCH_PATHS = (
					"$(SDKROOT)/Developer/Library/Frameworks",
					"$(inherited)",
					"$(DEVELOPER_FRAMEWORKS_DIR)",
				);
				GCC_PRECOMPILE_PREFIX_HEADER = YES;
				GCC_PREFIX_HEADER = "Json/Json-Prefix.pch";
				INFOPLIST_FILE = "JsonTests/JsonTests-Info.plist";
				PRODUCT_NAME = "$(TARGET_NAME)";
				TEST_HOST = "$(BUNDLE_LOADER)";
				WRAPPER_EXTENSION = xctest;
			};
			name = Release;
		};
/* End XCBuildConfiguration section */

/* Begin XCConfigurationList section */
		07C1A3E119842CCE00F57B0F /* Build configuration list for PBXProject "Json" */ = {
			isa = XCConfigurationList;
			buildConfigurations = (
				07C1A41619842CCE00F57B0F /* Debug */,
				07C1A41719842CCE00F57B0F /* Release */,
			);
			defaultConfigurationIsVisible = 0;
			defaultConfigurationName = Release;
		};
		07C1A41819842CCE00F57B0F /* Build configuration list for PBXNativeTarget "Json" */ = {
			isa = XCConfigurationList;
			buildConfigurations = (
				07C1A41919842CCE00F57B0F /* Debug */,
				07C1A41A19842CCE00F57B0F /* Release */,
			);
			defaultConfigurationIsVisible = 0;
		};
		07C1A41B19842CCE00F57B0F /* Build configuration list for PBXNativeTarget "JsonTests" */ = {
			isa = XCConfigurationList;
			buildConfigurations = (
				07C1A41C19842CCE00F57B0F /* Debug */,
				07C1A41D19842CCE00F57B0F /* Release */,
			);
			defaultConfigurationIsVisible = 0;
		};
/* End XCConfigurationList section */
	};
	rootObject = 07C1A3DE19842CCE00F57B0F /* Project object */;
}
