// !$*UTF8*$!
{
	archiveVersion = 1;
	classes = {
	};
	objectVersion = 46;
	objects = {

/* Begin PBXBuildFile section */
		07367F361970CB0F000F9A14 /* NavegadorViewController.m in Sources */ = {isa = PBXBuildFile; fileRef = 07367F351970CB0F000F9A14 /* NavegadorViewController.m */; };
		07367F381970D034000F9A14 /* Example.pdf in Resources */ = {isa = PBXBuildFile; fileRef = 07367F371970D034000F9A14 /* Example.pdf */; };
		07EF48211970ABB3001772F7 /* Foundation.framework in Frameworks */ = {isa = PBXBuildFile; fileRef = 07EF48201970ABB3001772F7 /* Foundation.framework */; };
		07EF48231970ABB3001772F7 /* CoreGraphics.framework in Frameworks */ = {isa = PBXBuildFile; fileRef = 07EF48221970ABB3001772F7 /* CoreGraphics.framework */; };
		07EF48251970ABB3001772F7 /* UIKit.framework in Frameworks */ = {isa = PBXBuildFile; fileRef = 07EF48241970ABB3001772F7 /* UIKit.framework */; };
		07EF482B1970ABB3001772F7 /* InfoPlist.strings in Resources */ = {isa = PBXBuildFile; fileRef = 07EF48291970ABB3001772F7 /* InfoPlist.strings */; };
		07EF482D1970ABB3001772F7 /* main.m in Sources */ = {isa = PBXBuildFile; fileRef = 07EF482C1970ABB3001772F7 /* main.m */; };
		07EF48311970ABB3001772F7 /* AppDelegate.m in Sources */ = {isa = PBXBuildFile; fileRef = 07EF48301970ABB3001772F7 /* AppDelegate.m */; };
		07EF48341970ABB3001772F7 /* Main.storyboard in Resources */ = {isa = PBXBuildFile; fileRef = 07EF48321970ABB3001772F7 /* Main.storyboard */; };
		07EF48371970ABB3001772F7 /* ViewController.m in Sources */ = {isa = PBXBuildFile; fileRef = 07EF48361970ABB3001772F7 /* ViewController.m */; };
		07EF48391970ABB3001772F7 /* Images.xcassets in Resources */ = {isa = PBXBuildFile; fileRef = 07EF48381970ABB3001772F7 /* Images.xcassets */; };
		07EF48401970ABB3001772F7 /* XCTest.framework in Frameworks */ = {isa = PBXBuildFile; fileRef = 07EF483F1970ABB3001772F7 /* XCTest.framework */; };
		07EF48411970ABB3001772F7 /* Foundation.framework in Frameworks */ = {isa = PBXBuildFile; fileRef = 07EF48201970ABB3001772F7 /* Foundation.framework */; };
		07EF48421970ABB3001772F7 /* UIKit.framework in Frameworks */ = {isa = PBXBuildFile; fileRef = 07EF48241970ABB3001772F7 /* UIKit.framework */; };
		07EF484A1970ABB3001772F7 /* InfoPlist.strings in Resources */ = {isa = PBXBuildFile; fileRef = 07EF48481970ABB3001772F7 /* InfoPlist.strings */; };
		07EF484C1970ABB3001772F7 /* pickerTests.m in Sources */ = {isa = PBXBuildFile; fileRef = 07EF484B1970ABB3001772F7 /* pickerTests.m */; };
		07EF48561970AC9D001772F7 /* Paises.plist in Resources */ = {isa = PBXBuildFile; fileRef = 07EF48551970AC9D001772F7 /* Paises.plist */; };
/* End PBXBuildFile section */

/* Begin PBXContainerItemProxy section */
		07EF48431970ABB3001772F7 /* PBXContainerItemProxy */ = {
			isa = PBXContainerItemProxy;
			containerPortal = 07EF48151970ABB3001772F7 /* Project object */;
			proxyType = 1;
			remoteGlobalIDString = 07EF481C1970ABB3001772F7;
			remoteInfo = picker;
		};
/* End PBXContainerItemProxy section */

/* Begin PBXFileReference section */
		07367F341970CB0F000F9A14 /* NavegadorViewController.h */ = {isa = PBXFileReference; fileEncoding = 4; lastKnownFileType = sourcecode.c.h; path = NavegadorViewController.h; sourceTree = "<group>"; };
		07367F351970CB0F000F9A14 /* NavegadorViewController.m */ = {isa = PBXFileReference; fileEncoding = 4; lastKnownFileType = sourcecode.c.objc; path = NavegadorViewController.m; sourceTree = "<group>"; };
		07367F371970D034000F9A14 /* Example.pdf */ = {isa = PBXFileReference; lastKnownFileType = image.pdf; path = Example.pdf; sourceTree = "<group>"; };
		07EF481D1970ABB3001772F7 /* picker.app */ = {isa = PBXFileReference; explicitFileType = wrapper.application; includeInIndex = 0; path = picker.app; sourceTree = BUILT_PRODUCTS_DIR; };
		07EF48201970ABB3001772F7 /* Foundation.framework */ = {isa = PBXFileReference; lastKnownFileType = wrapper.framework; name = Foundation.framework; path = System/Library/Frameworks/Foundation.framework; sourceTree = SDKROOT; };
		07EF48221970ABB3001772F7 /* CoreGraphics.framework */ = {isa = PBXFileReference; lastKnownFileType = wrapper.framework; name = CoreGraphics.framework; path = System/Library/Frameworks/CoreGraphics.framework; sourceTree = SDKROOT; };
		07EF48241970ABB3001772F7 /* UIKit.framework */ = {isa = PBXFileReference; lastKnownFileType = wrapper.framework; name = UIKit.framework; path = System/Library/Frameworks/UIKit.framework; sourceTree = SDKROOT; };
		07EF48281970ABB3001772F7 /* picker-Info.plist */ = {isa = PBXFileReference; lastKnownFileType = text.plist.xml; path = "picker-Info.plist"; sourceTree = "<group>"; };
		07EF482A1970ABB3001772F7 /* en */ = {isa = PBXFileReference; lastKnownFileType = text.plist.strings; name = en; path = en.lproj/InfoPlist.strings; sourceTree = "<group>"; };
		07EF482C1970ABB3001772F7 /* main.m */ = {isa = PBXFileReference; lastKnownFileType = sourcecode.c.objc; path = main.m; sourceTree = "<group>"; };
		07EF482E1970ABB3001772F7 /* picker-Prefix.pch */ = {isa = PBXFileReference; lastKnownFileType = sourcecode.c.h; path = "picker-Prefix.pch"; sourceTree = "<group>"; };
		07EF482F1970ABB3001772F7 /* AppDelegate.h */ = {isa = PBXFileReference; lastKnownFileType = sourcecode.c.h; path = AppDelegate.h; sourceTree = "<group>"; };
		07EF48301970ABB3001772F7 /* AppDelegate.m */ = {isa = PBXFileReference; lastKnownFileType = sourcecode.c.objc; path = AppDelegate.m; sourceTree = "<group>"; };
		07EF48331970ABB3001772F7 /* Base */ = {isa = PBXFileReference; lastKnownFileType = file.storyboard; name = Base; path = Base.lproj/Main.storyboard; sourceTree = "<group>"; };
		07EF48351970ABB3001772F7 /* ViewController.h */ = {isa = PBXFileReference; lastKnownFileType = sourcecode.c.h; path = ViewController.h; sourceTree = "<group>"; };
		07EF48361970ABB3001772F7 /* ViewController.m */ = {isa = PBXFileReference; lastKnownFileType = sourcecode.c.objc; path = ViewController.m; sourceTree = "<group>"; };
		07EF48381970ABB3001772F7 /* Images.xcassets */ = {isa = PBXFileReference; lastKnownFileType = folder.assetcatalog; path = Images.xcassets; sourceTree = "<group>"; };
		07EF483E1970ABB3001772F7 /* pickerTests.xctest */ = {isa = PBXFileReference; explicitFileType = wrapper.cfbundle; includeInIndex = 0; path = pickerTests.xctest; sourceTree = BUILT_PRODUCTS_DIR; };
		07EF483F1970ABB3001772F7 /* XCTest.framework */ = {isa = PBXFileReference; lastKnownFileType = wrapper.framework; name = XCTest.framework; path = Library/Frameworks/XCTest.framework; sourceTree = DEVELOPER_DIR; };
		07EF48471970ABB3001772F7 /* pickerTests-Info.plist */ = {isa = PBXFileReference; lastKnownFileType = text.plist.xml; path = "pickerTests-Info.plist"; sourceTree = "<group>"; };
		07EF48491970ABB3001772F7 /* en */ = {isa = PBXFileReference; lastKnownFileType = text.plist.strings; name = en; path = en.lproj/InfoPlist.strings; sourceTree = "<group>"; };
		07EF484B1970ABB3001772F7 /* pickerTests.m */ = {isa = PBXFileReference; lastKnownFileType = sourcecode.c.objc; path = pickerTests.m; sourceTree = "<group>"; };
		07EF48551970AC9D001772F7 /* Paises.plist */ = {isa = PBXFileReference; fileEncoding = 4; lastKnownFileType = text.plist.xml; name = Paises.plist; path = ../Paises.plist; sourceTree = "<group>"; };
/* End PBXFileReference section */

/* Begin PBXFrameworksBuildPhase section */
		07EF481A1970ABB3001772F7 /* Frameworks */ = {
			isa = PBXFrameworksBuildPhase;
			buildActionMask = 2147483647;
			files = (
				07EF48231970ABB3001772F7 /* CoreGraphics.framework in Frameworks */,
				07EF48251970ABB3001772F7 /* UIKit.framework in Frameworks */,
				07EF48211970ABB3001772F7 /* Foundation.framework in Frameworks */,
			);
			runOnlyForDeploymentPostprocessing = 0;
		};
		07EF483B1970ABB3001772F7 /* Frameworks */ = {
			isa = PBXFrameworksBuildPhase;
			buildActionMask = 2147483647;
			files = (
				07EF48401970ABB3001772F7 /* XCTest.framework in Frameworks */,
				07EF48421970ABB3001772F7 /* UIKit.framework in Frameworks */,
				07EF48411970ABB3001772F7 /* Foundation.framework in Frameworks */,
			);
			runOnlyForDeploymentPostprocessing = 0;
		};
/* End PBXFrameworksBuildPhase section */

/* Begin PBXGroup section */
		07367F391970D03C000F9A14 /* Recursos */ = {
			isa = PBXGroup;
			children = (
				07367F371970D034000F9A14 /* Example.pdf */,
			);
			name = Recursos;
			sourceTree = "<group>";
		};
		07EF48141970ABB3001772F7 = {
			isa = PBXGroup;
			children = (
				07EF48261970ABB3001772F7 /* picker */,
				07EF48451970ABB3001772F7 /* pickerTests */,
				07EF481F1970ABB3001772F7 /* Frameworks */,
				07EF481E1970ABB3001772F7 /* Products */,
			);
			sourceTree = "<group>";
		};
		07EF481E1970ABB3001772F7 /* Products */ = {
			isa = PBXGroup;
			children = (
				07EF481D1970ABB3001772F7 /* picker.app */,
				07EF483E1970ABB3001772F7 /* pickerTests.xctest */,
			);
			name = Products;
			sourceTree = "<group>";
		};
		07EF481F1970ABB3001772F7 /* Frameworks */ = {
			isa = PBXGroup;
			children = (
				07EF48201970ABB3001772F7 /* Foundation.framework */,
				07EF48221970ABB3001772F7 /* CoreGraphics.framework */,
				07EF48241970ABB3001772F7 /* UIKit.framework */,
				07EF483F1970ABB3001772F7 /* XCTest.framework */,
			);
			name = Frameworks;
			sourceTree = "<group>";
		};
		07EF48261970ABB3001772F7 /* picker */ = {
			isa = PBXGroup;
			children = (
				07367F391970D03C000F9A14 /* Recursos */,
				07EF48551970AC9D001772F7 /* Paises.plist */,
				07EF482F1970ABB3001772F7 /* AppDelegate.h */,
				07EF48301970ABB3001772F7 /* AppDelegate.m */,
				07EF48321970ABB3001772F7 /* Main.storyboard */,
				07EF48351970ABB3001772F7 /* ViewController.h */,
				07EF48361970ABB3001772F7 /* ViewController.m */,
				07EF48381970ABB3001772F7 /* Images.xcassets */,
				07EF48271970ABB3001772F7 /* Supporting Files */,
				07367F341970CB0F000F9A14 /* NavegadorViewController.h */,
				07367F351970CB0F000F9A14 /* NavegadorViewController.m */,
			);
			path = picker;
			sourceTree = "<group>";
		};
		07EF48271970ABB3001772F7 /* Supporting Files */ = {
			isa = PBXGroup;
			children = (
				07EF48281970ABB3001772F7 /* picker-Info.plist */,
				07EF48291970ABB3001772F7 /* InfoPlist.strings */,
				07EF482C1970ABB3001772F7 /* main.m */,
				07EF482E1970ABB3001772F7 /* picker-Prefix.pch */,
			);
			name = "Supporting Files";
			sourceTree = "<group>";
		};
		07EF48451970ABB3001772F7 /* pickerTests */ = {
			isa = PBXGroup;
			children = (
				07EF484B1970ABB3001772F7 /* pickerTests.m */,
				07EF48461970ABB3001772F7 /* Supporting Files */,
			);
			path = pickerTests;
			sourceTree = "<group>";
		};
		07EF48461970ABB3001772F7 /* Supporting Files */ = {
			isa = PBXGroup;
			children = (
				07EF48471970ABB3001772F7 /* pickerTests-Info.plist */,
				07EF48481970ABB3001772F7 /* InfoPlist.strings */,
			);
			name = "Supporting Files";
			sourceTree = "<group>";
		};
/* End PBXGroup section */

/* Begin PBXNativeTarget section */
		07EF481C1970ABB3001772F7 /* picker */ = {
			isa = PBXNativeTarget;
			buildConfigurationList = 07EF484F1970ABB3001772F7 /* Build configuration list for PBXNativeTarget "picker" */;
			buildPhases = (
				07EF48191970ABB3001772F7 /* Sources */,
				07EF481A1970ABB3001772F7 /* Frameworks */,
				07EF481B1970ABB3001772F7 /* Resources */,
			);
			buildRules = (
			);
			dependencies = (
			);
			name = picker;
			productName = picker;
			productReference = 07EF481D1970ABB3001772F7 /* picker.app */;
			productType = "com.apple.product-type.application";
		};
		07EF483D1970ABB3001772F7 /* pickerTests */ = {
			isa = PBXNativeTarget;
			buildConfigurationList = 07EF48521970ABB3001772F7 /* Build configuration list for PBXNativeTarget "pickerTests" */;
			buildPhases = (
				07EF483A1970ABB3001772F7 /* Sources */,
				07EF483B1970ABB3001772F7 /* Frameworks */,
				07EF483C1970ABB3001772F7 /* Resources */,
			);
			buildRules = (
			);
			dependencies = (
				07EF48441970ABB3001772F7 /* PBXTargetDependency */,
			);
			name = pickerTests;
			productName = pickerTests;
			productReference = 07EF483E1970ABB3001772F7 /* pickerTests.xctest */;
			productType = "com.apple.product-type.bundle.unit-test";
		};
/* End PBXNativeTarget section */

/* Begin PBXProject section */
		07EF48151970ABB3001772F7 /* Project object */ = {
			isa = PBXProject;
			attributes = {
				LastUpgradeCheck = 0510;
				ORGANIZATIONNAME = mobilemontoya;
				TargetAttributes = {
					07EF483D1970ABB3001772F7 = {
						TestTargetID = 07EF481C1970ABB3001772F7;
					};
				};
			};
			buildConfigurationList = 07EF48181970ABB3001772F7 /* Build configuration list for PBXProject "picker" */;
			compatibilityVersion = "Xcode 3.2";
			developmentRegion = English;
			hasScannedForEncodings = 0;
			knownRegions = (
				en,
				Base,
			);
			mainGroup = 07EF48141970ABB3001772F7;
			productRefGroup = 07EF481E1970ABB3001772F7 /* Products */;
			projectDirPath = "";
			projectRoot = "";
			targets = (
				07EF481C1970ABB3001772F7 /* picker */,
				07EF483D1970ABB3001772F7 /* pickerTests */,
			);
		};
/* End PBXProject section */

/* Begin PBXResourcesBuildPhase section */
		07EF481B1970ABB3001772F7 /* Resources */ = {
			isa = PBXResourcesBuildPhase;
			buildActionMask = 2147483647;
			files = (
				07EF48391970ABB3001772F7 /* Images.xcassets in Resources */,
				07EF482B1970ABB3001772F7 /* InfoPlist.strings in Resources */,
				07EF48341970ABB3001772F7 /* Main.storyboard in Resources */,
				07367F381970D034000F9A14 /* Example.pdf in Resources */,
				07EF48561970AC9D001772F7 /* Paises.plist in Resources */,
			);
			runOnlyForDeploymentPostprocessing = 0;
		};
		07EF483C1970ABB3001772F7 /* Resources */ = {
			isa = PBXResourcesBuildPhase;
			buildActionMask = 2147483647;
			files = (
				07EF484A1970ABB3001772F7 /* InfoPlist.strings in Resources */,
			);
			runOnlyForDeploymentPostprocessing = 0;
		};
/* End PBXResourcesBuildPhase section */

/* Begin PBXSourcesBuildPhase section */
		07EF48191970ABB3001772F7 /* Sources */ = {
			isa = PBXSourcesBuildPhase;
			buildActionMask = 2147483647;
			files = (
				07EF48371970ABB3001772F7 /* ViewController.m in Sources */,
				07EF48311970ABB3001772F7 /* AppDelegate.m in Sources */,
				07367F361970CB0F000F9A14 /* NavegadorViewController.m in Sources */,
				07EF482D1970ABB3001772F7 /* main.m in Sources */,
			);
			runOnlyForDeploymentPostprocessing = 0;
		};
		07EF483A1970ABB3001772F7 /* Sources */ = {
			isa = PBXSourcesBuildPhase;
			buildActionMask = 2147483647;
			files = (
				07EF484C1970ABB3001772F7 /* pickerTests.m in Sources */,
			);
			runOnlyForDeploymentPostprocessing = 0;
		};
/* End PBXSourcesBuildPhase section */

/* Begin PBXTargetDependency section */
		07EF48441970ABB3001772F7 /* PBXTargetDependency */ = {
			isa = PBXTargetDependency;
			target = 07EF481C1970ABB3001772F7 /* picker */;
			targetProxy = 07EF48431970ABB3001772F7 /* PBXContainerItemProxy */;
		};
/* End PBXTargetDependency section */

/* Begin PBXVariantGroup section */
		07EF48291970ABB3001772F7 /* InfoPlist.strings */ = {
			isa = PBXVariantGroup;
			children = (
				07EF482A1970ABB3001772F7 /* en */,
			);
			name = InfoPlist.strings;
			sourceTree = "<group>";
		};
		07EF48321970ABB3001772F7 /* Main.storyboard */ = {
			isa = PBXVariantGroup;
			children = (
				07EF48331970ABB3001772F7 /* Base */,
			);
			name = Main.storyboard;
			sourceTree = "<group>";
		};
		07EF48481970ABB3001772F7 /* InfoPlist.strings */ = {
			isa = PBXVariantGroup;
			children = (
				07EF48491970ABB3001772F7 /* en */,
			);
			name = InfoPlist.strings;
			sourceTree = "<group>";
		};
/* End PBXVariantGroup section */

/* Begin XCBuildConfiguration section */
		07EF484D1970ABB3001772F7 /* Debug */ = {
			isa = XCBuildConfiguration;
			buildSettings = {
				ALWAYS_SEARCH_USER_PATHS = NO;
				CLANG_CXX_LANGUAGE_STANDARD = "gnu++0x";
				CLANG_CXX_LIBRARY = "libc++";
				CLANG_ENABLE_MODULES = YES;
				CLANG_ENABLE_OBJC_ARC = YES;
				CLANG_WARN_BOOL_CONVERSION = YES;
				CLANG_WARN_CONSTANT_CONVERSION = YES;
				CLANG_WARN_DIRECT_OBJC_ISA_USAGE = YES_ERROR;
				CLANG_WARN_EMPTY_BODY = YES;
				CLANG_WARN_ENUM_CONVERSION = YES;
				CLANG_WARN_INT_CONVERSION = YES;
				CLANG_WARN_OBJC_ROOT_CLASS = YES_ERROR;
				CLANG_WARN__DUPLICATE_METHOD_MATCH = YES;
				"CODE_SIGN_IDENTITY[sdk=iphoneos*]" = "iPhone Developer";
				COPY_PHASE_STRIP = NO;
				GCC_C_LANGUAGE_STANDARD = gnu99;
				GCC_DYNAMIC_NO_PIC = NO;
				GCC_OPTIMIZATION_LEVEL = 0;
				GCC_PREPROCESSOR_DEFINITIONS = (
					"DEBUG=1",
					"$(inherited)",
				);
				GCC_SYMBOLS_PRIVATE_EXTERN = NO;
				GCC_WARN_64_TO_32_BIT_CONVERSION = YES;
				GCC_WARN_ABOUT_RETURN_TYPE = YES_ERROR;
				GCC_WARN_UNDECLARED_SELECTOR = YES;
				GCC_WARN_UNINITIALIZED_AUTOS = YES_AGGRESSIVE;
				GCC_WARN_UNUSED_FUNCTION = YES;
				GCC_WARN_UNUSED_VARIABLE = YES;
				IPHONEOS_DEPLOYMENT_TARGET = 7.1;
				ONLY_ACTIVE_ARCH = YES;
				SDKROOT = iphoneos;
			};
			name = Debug;
		};
		07EF484E1970ABB3001772F7 /* Release */ = {
			isa = XCBuildConfiguration;
			buildSettings = {
				ALWAYS_SEARCH_USER_PATHS = NO;
				CLANG_CXX_LANGUAGE_STANDARD = "gnu++0x";
				CLANG_CXX_LIBRARY = "libc++";
				CLANG_ENABLE_MODULES = YES;
				CLANG_ENABLE_OBJC_ARC = YES;
				CLANG_WARN_BOOL_CONVERSION = YES;
				CLANG_WARN_CONSTANT_CONVERSION = YES;
				CLANG_WARN_DIRECT_OBJC_ISA_USAGE = YES_ERROR;
				CLANG_WARN_EMPTY_BODY = YES;
				CLANG_WARN_ENUM_CONVERSION = YES;
				CLANG_WARN_INT_CONVERSION = YES;
				CLANG_WARN_OBJC_ROOT_CLASS = YES_ERROR;
				CLANG_WARN__DUPLICATE_METHOD_MATCH = YES;
				"CODE_SIGN_IDENTITY[sdk=iphoneos*]" = "iPhone Developer";
				COPY_PHASE_STRIP = YES;
				ENABLE_NS_ASSERTIONS = NO;
				GCC_C_LANGUAGE_STANDARD = gnu99;
				GCC_WARN_64_TO_32_BIT_CONVERSION = YES;
				GCC_WARN_ABOUT_RETURN_TYPE = YES_ERROR;
				GCC_WARN_UNDECLARED_SELECTOR = YES;
				GCC_WARN_UNINITIALIZED_AUTOS = YES_AGGRESSIVE;
				GCC_WARN_UNUSED_FUNCTION = YES;
				GCC_WARN_UNUSED_VARIABLE = YES;
				IPHONEOS_DEPLOYMENT_TARGET = 7.1;
				SDKROOT = iphoneos;
				VALIDATE_PRODUCT = YES;
			};
			name = Release;
		};
		07EF48501970ABB3001772F7 /* Debug */ = {
			isa = XCBuildConfiguration;
			buildSettings = {
				ASSETCATALOG_COMPILER_APPICON_NAME = AppIcon;
				ASSETCATALOG_COMPILER_LAUNCHIMAGE_NAME = LaunchImage;
				GCC_PRECOMPILE_PREFIX_HEADER = YES;
				GCC_PREFIX_HEADER = "picker/picker-Prefix.pch";
				INFOPLIST_FILE = "picker/picker-Info.plist";
				PRODUCT_NAME = "$(TARGET_NAME)";
				WRAPPER_EXTENSION = app;
			};
			name = Debug;
		};
		07EF48511970ABB3001772F7 /* Release */ = {
			isa = XCBuildConfiguration;
			buildSettings = {
				ASSETCATALOG_COMPILER_APPICON_NAME = AppIcon;
				ASSETCATALOG_COMPILER_LAUNCHIMAGE_NAME = LaunchImage;
				GCC_PRECOMPILE_PREFIX_HEADER = YES;
				GCC_PREFIX_HEADER = "picker/picker-Prefix.pch";
				INFOPLIST_FILE = "picker/picker-Info.plist";
				PRODUCT_NAME = "$(TARGET_NAME)";
				WRAPPER_EXTENSION = app;
			};
			name = Release;
		};
		07EF48531970ABB3001772F7 /* Debug */ = {
			isa = XCBuildConfiguration;
			buildSettings = {
				BUNDLE_LOADER = "$(BUILT_PRODUCTS_DIR)/picker.app/picker";
				FRAMEWORK_SEARCH_PATHS = (
					"$(SDKROOT)/Developer/Library/Frameworks",
					"$(inherited)",
					"$(DEVELOPER_FRAMEWORKS_DIR)",
				);
				GCC_PRECOMPILE_PREFIX_HEADER = YES;
				GCC_PREFIX_HEADER = "picker/picker-Prefix.pch";
				GCC_PREPROCESSOR_DEFINITIONS = (
					"DEBUG=1",
					"$(inherited)",
				);
				INFOPLIST_FILE = "pickerTests/pickerTests-Info.plist";
				PRODUCT_NAME = "$(TARGET_NAME)";
				TEST_HOST = "$(BUNDLE_LOADER)";
				WRAPPER_EXTENSION = xctest;
			};
			name = Debug;
		};
		07EF48541970ABB3001772F7 /* Release */ = {
			isa = XCBuildConfiguration;
			buildSettings = {
				BUNDLE_LOADER = "$(BUILT_PRODUCTS_DIR)/picker.app/picker";
				FRAMEWORK_SEARCH_PATHS = (
					"$(SDKROOT)/Developer/Library/Frameworks",
					"$(inherited)",
					"$(DEVELOPER_FRAMEWORKS_DIR)",
				);
				GCC_PRECOMPILE_PREFIX_HEADER = YES;
				GCC_PREFIX_HEADER = "picker/picker-Prefix.pch";
				INFOPLIST_FILE = "pickerTests/pickerTests-Info.plist";
				PRODUCT_NAME = "$(TARGET_NAME)";
				TEST_HOST = "$(BUNDLE_LOADER)";
				WRAPPER_EXTENSION = xctest;
			};
			name = Release;
		};
/* End XCBuildConfiguration section */

/* Begin XCConfigurationList section */
		07EF48181970ABB3001772F7 /* Build configuration list for PBXProject "picker" */ = {
			isa = XCConfigurationList;
			buildConfigurations = (
				07EF484D1970ABB3001772F7 /* Debug */,
				07EF484E1970ABB3001772F7 /* Release */,
			);
			defaultConfigurationIsVisible = 0;
			defaultConfigurationName = Release;
		};
		07EF484F1970ABB3001772F7 /* Build configuration list for PBXNativeTarget "picker" */ = {
			isa = XCConfigurationList;
			buildConfigurations = (
				07EF48501970ABB3001772F7 /* Debug */,
				07EF48511970ABB3001772F7 /* Release */,
			);
			defaultConfigurationIsVisible = 0;
			defaultConfigurationName = Release;
		};
		07EF48521970ABB3001772F7 /* Build configuration list for PBXNativeTarget "pickerTests" */ = {
			isa = XCConfigurationList;
			buildConfigurations = (
				07EF48531970ABB3001772F7 /* Debug */,
				07EF48541970ABB3001772F7 /* Release */,
			);
			defaultConfigurationIsVisible = 0;
			defaultConfigurationName = Release;
		};
/* End XCConfigurationList section */
	};
	rootObject = 07EF48151970ABB3001772F7 /* Project object */;
}
